
Microsoft Visual Studio Solution File, Format Version 12.00
# Visual Studio Version 17
VisualStudioVersion = 17.7.34031.279
MinimumVisualStudioVersion = 10.0.40219.1
Project("{FAE04EC0-301F-11D3-BF4B-00C04F79EFBC}") = "imageSearch", "DNDImageSearch\imageSearch.csproj", "{3D565106-F8E2-4E39-8B07-484058CECCAD}"
EndProject
Global
	GlobalSection(SolutionConfigurationPlatforms) = preSolution
		Debug|Any CPU = Debug|Any CPU
		Release|Any CPU = Release|Any CPU
	EndGlobalSection
	GlobalSection(ProjectConfigurationPlatforms) = postSolution
		{3D565106-F8E2-4E39-8B07-484058CECCAD}.Debug|Any CPU.ActiveCfg = Debug|Any CPU
		{3D565106-F8E2-4E39-8B07-484058CECCAD}.Debug|Any CPU.Build.0 = Debug|Any CPU
		{3D565106-F8E2-4E39-8B07-484058CECCAD}.Release|Any CPU.ActiveCfg = Release|Any CPU
		{3D565106-F8E2-4E39-8B07-484058CECCAD}.Release|Any CPU.Build.0 = Release|Any CPU
	EndGlobalSection
	GlobalSection(SolutionProperties) = preSolution
		HideSolutionNode = FALSE
	EndGlobalSection
	GlobalSection(ExtensibilityGlobals) = postSolution
		SolutionGuid = {A38CDF2D-BC0C-46DF-B230-108414CE6E29}
	EndGlobalSection
EndGlobal
